
Microsoft Visual Studio Solution File, Format Version 12.00
# Visual Studio 2013
VisualStudioVersion = 12.0.31101.0
MinimumVisualStudioVersion = 10.0.40219.1
Project("{FAE04EC0-301F-11D3-BF4B-00C04F79EFBC}") = "DynamicForm3", "DynamicForm3\DynamicForm3\DynamicForm3.csproj", "{24D3BD0D-3603-44AC-9869-CC52FD6D73B3}"
EndProject
Project("{FAE04EC0-301F-11D3-BF4B-00C04F79EFBC}") = "DynamicForm3.iOS", "DynamicForm3\DynamicForm3.iOS\DynamicForm3.iOS.csproj", "{3F5AEDCF-05B9-4CEC-A610-D7186A8B852D}"
EndProject
Project("{FAE04EC0-301F-11D3-BF4B-00C04F79EFBC}") = "DynamicForm3.Droid", "DynamicForm3\DynamicForm3.Droid\DynamicForm3.Droid.csproj", "{38A61B43-8538-455B-9561-C0367B8F2770}"
EndProject
Project("{FAE04EC0-301F-11D3-BF4B-00C04F79EFBC}") = "DynamicForm3.WinPhone", "DynamicForm3\DynamicForm3.WinPhone\DynamicForm3.WinPhone.csproj", "{449AB193-A932-4650-BEB7-3E09C366F603}"
EndProject
Global
	GlobalSection(SolutionConfigurationPlatforms) = preSolution
		Ad-Hoc|Any CPU = Ad-Hoc|Any CPU
		Ad-Hoc|ARM = Ad-Hoc|ARM
		Ad-Hoc|iPhone = Ad-Hoc|iPhone
		Ad-Hoc|iPhoneSimulator = Ad-Hoc|iPhoneSimulator
		Ad-Hoc|Mixed Platforms = Ad-Hoc|Mixed Platforms
		Ad-Hoc|x86 = Ad-Hoc|x86
		AppStore|Any CPU = AppStore|Any CPU
		AppStore|ARM = AppStore|ARM
		AppStore|iPhone = AppStore|iPhone
		AppStore|iPhoneSimulator = AppStore|iPhoneSimulator
		AppStore|Mixed Platforms = AppStore|Mixed Platforms
		AppStore|x86 = AppStore|x86
		Debug|Any CPU = Debug|Any CPU
		Debug|ARM = Debug|ARM
		Debug|iPhone = Debug|iPhone
		Debug|iPhoneSimulator = Debug|iPhoneSimulator
		Debug|Mixed Platforms = Debug|Mixed Platforms
		Debug|x86 = Debug|x86
		Release|Any CPU = Release|Any CPU
		Release|ARM = Release|ARM
		Release|iPhone = Release|iPhone
		Release|iPhoneSimulator = Release|iPhoneSimulator
		Release|Mixed Platforms = Release|Mixed Platforms
		Release|x86 = Release|x86
	EndGlobalSection
	GlobalSection(ProjectConfigurationPlatforms) = postSolution
		{24D3BD0D-3603-44AC-9869-CC52FD6D73B3}.Ad-Hoc|Any CPU.ActiveCfg = Release|Any CPU
		{24D3BD0D-3603-44AC-9869-CC52FD6D73B3}.Ad-Hoc|Any CPU.Build.0 = Release|Any CPU
		{24D3BD0D-3603-44AC-9869-CC52FD6D73B3}.Ad-Hoc|ARM.ActiveCfg = Release|Any CPU
		{24D3BD0D-3603-44AC-9869-CC52FD6D73B3}.Ad-Hoc|iPhone.ActiveCfg = Release|Any CPU
		{24D3BD0D-3603-44AC-9869-CC52FD6D73B3}.Ad-Hoc|iPhoneSimulator.ActiveCfg = Release|Any CPU
		{24D3BD0D-3603-44AC-9869-CC52FD6D73B3}.Ad-Hoc|Mixed Platforms.ActiveCfg = Release|Any CPU
		{24D3BD0D-3603-44AC-9869-CC52FD6D73B3}.Ad-Hoc|Mixed Platforms.Build.0 = Release|Any CPU
		{24D3BD0D-3603-44AC-9869-CC52FD6D73B3}.Ad-Hoc|x86.ActiveCfg = Release|Any CPU
		{24D3BD0D-3603-44AC-9869-CC52FD6D73B3}.AppStore|Any CPU.ActiveCfg = Release|Any CPU
		{24D3BD0D-3603-44AC-9869-CC52FD6D73B3}.AppStore|Any CPU.Build.0 = Release|Any CPU
		{24D3BD0D-3603-44AC-9869-CC52FD6D73B3}.AppStore|ARM.ActiveCfg = Release|Any CPU
		{24D3BD0D-3603-44AC-9869-CC52FD6D73B3}.AppStore|iPhone.ActiveCfg = Release|Any CPU
		{24D3BD0D-3603-44AC-9869-CC52FD6D73B3}.AppStore|iPhoneSimulator.ActiveCfg = Release|Any CPU
		{24D3BD0D-3603-44AC-9869-CC52FD6D73B3}.AppStore|Mixed Platforms.ActiveCfg = Release|Any CPU
		{24D3BD0D-3603-44AC-9869-CC52FD6D73B3}.AppStore|Mixed Platforms.Build.0 = Release|Any CPU
		{24D3BD0D-3603-44AC-9869-CC52FD6D73B3}.AppStore|x86.ActiveCfg = Release|Any CPU
		{24D3BD0D-3603-44AC-9869-CC52FD6D73B3}.Debug|Any CPU.ActiveCfg = Debug|Any CPU
		{24D3BD0D-3603-44AC-9869-CC52FD6D73B3}.Debug|Any CPU.Build.0 = Debug|Any CPU
		{24D3BD0D-3603-44AC-9869-CC52FD6D73B3}.Debug|ARM.ActiveCfg = Debug|Any CPU
		{24D3BD0D-3603-44AC-9869-CC52FD6D73B3}.Debug|iPhone.ActiveCfg = Debug|Any CPU
		{24D3BD0D-3603-44AC-9869-CC52FD6D73B3}.Debug|iPhoneSimulator.ActiveCfg = Debug|Any CPU
		{24D3BD0D-3603-44AC-9869-CC52FD6D73B3}.Debug|Mixed Platforms.ActiveCfg = Debug|Any CPU
		{24D3BD0D-3603-44AC-9869-CC52FD6D73B3}.Debug|Mixed Platforms.Build.0 = Debug|Any CPU
		{24D3BD0D-3603-44AC-9869-CC52FD6D73B3}.Debug|x86.ActiveCfg = Debug|Any CPU
		{24D3BD0D-3603-44AC-9869-CC52FD6D73B3}.Release|Any CPU.ActiveCfg = Release|Any CPU
		{24D3BD0D-3603-44AC-9869-CC52FD6D73B3}.Release|Any CPU.Build.0 = Release|Any CPU
		{24D3BD0D-3603-44AC-9869-CC52FD6D73B3}.Release|ARM.ActiveCfg = Release|Any CPU
		{24D3BD0D-3603-44AC-9869-CC52FD6D73B3}.Release|iPhone.ActiveCfg = Release|Any CPU
		{24D3BD0D-3603-44AC-9869-CC52FD6D73B3}.Release|iPhoneSimulator.ActiveCfg = Release|Any CPU
		{24D3BD0D-3603-44AC-9869-CC52FD6D73B3}.Release|Mixed Platforms.ActiveCfg = Release|Any CPU
		{24D3BD0D-3603-44AC-9869-CC52FD6D73B3}.Release|Mixed Platforms.Build.0 = Release|Any CPU
		{24D3BD0D-3603-44AC-9869-CC52FD6D73B3}.Release|x86.ActiveCfg = Release|Any CPU
		{3F5AEDCF-05B9-4CEC-A610-D7186A8B852D}.Ad-Hoc|Any CPU.ActiveCfg = Ad-Hoc|iPhone
		{3F5AEDCF-05B9-4CEC-A610-D7186A8B852D}.Ad-Hoc|ARM.ActiveCfg = Ad-Hoc|iPhone
		{3F5AEDCF-05B9-4CEC-A610-D7186A8B852D}.Ad-Hoc|iPhone.ActiveCfg = Ad-Hoc|iPhone
		{3F5AEDCF-05B9-4CEC-A610-D7186A8B852D}.Ad-Hoc|iPhone.Build.0 = Ad-Hoc|iPhone
		{3F5AEDCF-05B9-4CEC-A610-D7186A8B852D}.Ad-Hoc|iPhoneSimulator.ActiveCfg = Ad-Hoc|iPhoneSimulator
		{3F5AEDCF-05B9-4CEC-A610-D7186A8B852D}.Ad-Hoc|iPhoneSimulator.Build.0 = Ad-Hoc|iPhoneSimulator
		{3F5AEDCF-05B9-4CEC-A610-D7186A8B852D}.Ad-Hoc|Mixed Platforms.ActiveCfg = Ad-Hoc|iPhone
		{3F5AEDCF-05B9-4CEC-A610-D7186A8B852D}.Ad-Hoc|Mixed Platforms.Build.0 = Ad-Hoc|iPhone
		{3F5AEDCF-05B9-4CEC-A610-D7186A8B852D}.Ad-Hoc|x86.ActiveCfg = Ad-Hoc|iPhone
		{3F5AEDCF-05B9-4CEC-A610-D7186A8B852D}.AppStore|Any CPU.ActiveCfg = AppStore|iPhone
		{3F5AEDCF-05B9-4CEC-A610-D7186A8B852D}.AppStore|ARM.ActiveCfg = AppStore|iPhone
		{3F5AEDCF-05B9-4CEC-A610-D7186A8B852D}.AppStore|iPhone.ActiveCfg = AppStore|iPhone
		{3F5AEDCF-05B9-4CEC-A610-D7186A8B852D}.AppStore|iPhone.Build.0 = AppStore|iPhone
		{3F5AEDCF-05B9-4CEC-A610-D7186A8B852D}.AppStore|iPhoneSimulator.ActiveCfg = AppStore|iPhoneSimulator
		{3F5AEDCF-05B9-4CEC-A610-D7186A8B852D}.AppStore|iPhoneSimulator.Build.0 = AppStore|iPhoneSimulator
		{3F5AEDCF-05B9-4CEC-A610-D7186A8B852D}.AppStore|Mixed Platforms.ActiveCfg = AppStore|iPhone
		{3F5AEDCF-05B9-4CEC-A610-D7186A8B852D}.AppStore|Mixed Platforms.Build.0 = AppStore|iPhone
		{3F5AEDCF-05B9-4CEC-A610-D7186A8B852D}.AppStore|x86.ActiveCfg = AppStore|iPhone
		{3F5AEDCF-05B9-4CEC-A610-D7186A8B852D}.Debug|Any CPU.ActiveCfg = Debug|iPhone
		{3F5AEDCF-05B9-4CEC-A610-D7186A8B852D}.Debug|ARM.ActiveCfg = Debug|iPhone
		{3F5AEDCF-05B9-4CEC-A610-D7186A8B852D}.Debug|iPhone.ActiveCfg = Debug|iPhoneSimulator
		{3F5AEDCF-05B9-4CEC-A610-D7186A8B852D}.Debug|iPhone.Build.0 = Debug|iPhoneSimulator
		{3F5AEDCF-05B9-4CEC-A610-D7186A8B852D}.Debug|iPhoneSimulator.ActiveCfg = Debug|iPhoneSimulator
		{3F5AEDCF-05B9-4CEC-A610-D7186A8B852D}.Debug|iPhoneSimulator.Build.0 = Debug|iPhoneSimulator
		{3F5AEDCF-05B9-4CEC-A610-D7186A8B852D}.Debug|Mixed Platforms.ActiveCfg = Debug|iPhone
		{3F5AEDCF-05B9-4CEC-A610-D7186A8B852D}.Debug|Mixed Platforms.Build.0 = Debug|iPhone
		{3F5AEDCF-05B9-4CEC-A610-D7186A8B852D}.Debug|x86.ActiveCfg = Debug|iPhone
		{3F5AEDCF-05B9-4CEC-A610-D7186A8B852D}.Release|Any CPU.ActiveCfg = Release|iPhone
		{3F5AEDCF-05B9-4CEC-A610-D7186A8B852D}.Release|ARM.ActiveCfg = Release|iPhone
		{3F5AEDCF-05B9-4CEC-A610-D7186A8B852D}.Release|iPhone.ActiveCfg = Release|iPhone
		{3F5AEDCF-05B9-4CEC-A610-D7186A8B852D}.Release|iPhone.Build.0 = Release|iPhone
		{3F5AEDCF-05B9-4CEC-A610-D7186A8B852D}.Release|iPhoneSimulator.ActiveCfg = Release|iPhoneSimulator
		{3F5AEDCF-05B9-4CEC-A610-D7186A8B852D}.Release|iPhoneSimulator.Build.0 = Release|iPhoneSimulator
		{3F5AEDCF-05B9-4CEC-A610-D7186A8B852D}.Release|Mixed Platforms.ActiveCfg = Release|iPhone
		{3F5AEDCF-05B9-4CEC-A610-D7186A8B852D}.Release|Mixed Platforms.Build.0 = Release|iPhone
		{3F5AEDCF-05B9-4CEC-A610-D7186A8B852D}.Release|x86.ActiveCfg = Release|iPhone
		{38A61B43-8538-455B-9561-C0367B8F2770}.Ad-Hoc|Any CPU.ActiveCfg = Release|Any CPU
		{38A61B43-8538-455B-9561-C0367B8F2770}.Ad-Hoc|Any CPU.Build.0 = Release|Any CPU
		{38A61B43-8538-455B-9561-C0367B8F2770}.Ad-Hoc|Any CPU.Deploy.0 = Release|Any CPU
		{38A61B43-8538-455B-9561-C0367B8F2770}.Ad-Hoc|ARM.ActiveCfg = Release|Any CPU
		{38A61B43-8538-455B-9561-C0367B8F2770}.Ad-Hoc|iPhone.ActiveCfg = Release|Any CPU
		{38A61B43-8538-455B-9561-C0367B8F2770}.Ad-Hoc|iPhoneSimulator.ActiveCfg = Release|Any CPU
		{38A61B43-8538-455B-9561-C0367B8F2770}.Ad-Hoc|Mixed Platforms.ActiveCfg = Release|Any CPU
		{38A61B43-8538-455B-9561-C0367B8F2770}.Ad-Hoc|Mixed Platforms.Build.0 = Release|Any CPU
		{38A61B43-8538-455B-9561-C0367B8F2770}.Ad-Hoc|Mixed Platforms.Deploy.0 = Release|Any CPU
		{38A61B43-8538-455B-9561-C0367B8F2770}.Ad-Hoc|x86.ActiveCfg = Release|Any CPU
		{38A61B43-8538-455B-9561-C0367B8F2770}.AppStore|Any CPU.ActiveCfg = Release|Any CPU
		{38A61B43-8538-455B-9561-C0367B8F2770}.AppStore|Any CPU.Build.0 = Release|Any CPU
		{38A61B43-8538-455B-9561-C0367B8F2770}.AppStore|Any CPU.Deploy.0 = Release|Any CPU
		{38A61B43-8538-455B-9561-C0367B8F2770}.AppStore|ARM.ActiveCfg = Release|Any CPU
		{38A61B43-8538-455B-9561-C0367B8F2770}.AppStore|iPhone.ActiveCfg = Release|Any CPU
		{38A61B43-8538-455B-9561-C0367B8F2770}.AppStore|iPhoneSimulator.ActiveCfg = Release|Any CPU
		{38A61B43-8538-455B-9561-C0367B8F2770}.AppStore|Mixed Platforms.ActiveCfg = Release|Any CPU
		{38A61B43-8538-455B-9561-C0367B8F2770}.AppStore|Mixed Platforms.Build.0 = Release|Any CPU
		{38A61B43-8538-455B-9561-C0367B8F2770}.AppStore|Mixed Platforms.Deploy.0 = Release|Any CPU
		{38A61B43-8538-455B-9561-C0367B8F2770}.AppStore|x86.ActiveCfg = Release|Any CPU
		{38A61B43-8538-455B-9561-C0367B8F2770}.Debug|Any CPU.ActiveCfg = Debug|Any CPU
		{38A61B43-8538-455B-9561-C0367B8F2770}.Debug|Any CPU.Build.0 = Debug|Any CPU
		{38A61B43-8538-455B-9561-C0367B8F2770}.Debug|Any CPU.Deploy.0 = Debug|Any CPU
		{38A61B43-8538-455B-9561-C0367B8F2770}.Debug|ARM.ActiveCfg = Debug|Any CPU
		{38A61B43-8538-455B-9561-C0367B8F2770}.Debug|iPhone.ActiveCfg = Debug|Any CPU
		{38A61B43-8538-455B-9561-C0367B8F2770}.Debug|iPhoneSimulator.ActiveCfg = Debug|Any CPU
		{38A61B43-8538-455B-9561-C0367B8F2770}.Debug|Mixed Platforms.ActiveCfg = Debug|Any CPU
		{38A61B43-8538-455B-9561-C0367B8F2770}.Debug|Mixed Platforms.Build.0 = Debug|Any CPU
		{38A61B43-8538-455B-9561-C0367B8F2770}.Debug|Mixed Platforms.Deploy.0 = Debug|Any CPU
		{38A61B43-8538-455B-9561-C0367B8F2770}.Debug|x86.ActiveCfg = Debug|Any CPU
		{38A61B43-8538-455B-9561-C0367B8F2770}.Release|Any CPU.ActiveCfg = Release|Any CPU
		{38A61B43-8538-455B-9561-C0367B8F2770}.Release|Any CPU.Build.0 = Release|Any CPU
		{38A61B43-8538-455B-9561-C0367B8F2770}.Release|Any CPU.Deploy.0 = Release|Any CPU
		{38A61B43-8538-455B-9561-C0367B8F2770}.Release|ARM.ActiveCfg = Release|Any CPU
		{38A61B43-8538-455B-9561-C0367B8F2770}.Release|iPhone.ActiveCfg = Release|Any CPU
		{38A61B43-8538-455B-9561-C0367B8F2770}.Release|iPhoneSimulator.ActiveCfg = Release|Any CPU
		{38A61B43-8538-455B-9561-C0367B8F2770}.Release|Mixed Platforms.ActiveCfg = Release|Any CPU
		{38A61B43-8538-455B-9561-C0367B8F2770}.Release|Mixed Platforms.Build.0 = Release|Any CPU
		{38A61B43-8538-455B-9561-C0367B8F2770}.Release|Mixed Platforms.Deploy.0 = Release|Any CPU
		{38A61B43-8538-455B-9561-C0367B8F2770}.Release|x86.ActiveCfg = Release|Any CPU
		{449AB193-A932-4650-BEB7-3E09C366F603}.Ad-Hoc|Any CPU.ActiveCfg = Release|Any CPU
		{449AB193-A932-4650-BEB7-3E09C366F603}.Ad-Hoc|Any CPU.Build.0 = Release|Any CPU
		{449AB193-A932-4650-BEB7-3E09C366F603}.Ad-Hoc|Any CPU.Deploy.0 = Release|Any CPU
		{449AB193-A932-4650-BEB7-3E09C366F603}.Ad-Hoc|ARM.ActiveCfg = Release|ARM
		{449AB193-A932-4650-BEB7-3E09C366F603}.Ad-Hoc|ARM.Build.0 = Release|ARM
		{449AB193-A932-4650-BEB7-3E09C366F603}.Ad-Hoc|ARM.Deploy.0 = Release|ARM
		{449AB193-A932-4650-BEB7-3E09C366F603}.Ad-Hoc|iPhone.ActiveCfg = Release|Any CPU
		{449AB193-A932-4650-BEB7-3E09C366F603}.Ad-Hoc|iPhoneSimulator.ActiveCfg = Release|Any CPU
		{449AB193-A932-4650-BEB7-3E09C366F603}.Ad-Hoc|Mixed Platforms.ActiveCfg = Release|x86
		{449AB193-A932-4650-BEB7-3E09C366F603}.Ad-Hoc|Mixed Platforms.Build.0 = Release|x86
		{449AB193-A932-4650-BEB7-3E09C366F603}.Ad-Hoc|Mixed Platforms.Deploy.0 = Release|x86
		{449AB193-A932-4650-BEB7-3E09C366F603}.Ad-Hoc|x86.ActiveCfg = Release|x86
		{449AB193-A932-4650-BEB7-3E09C366F603}.Ad-Hoc|x86.Build.0 = Release|x86
		{449AB193-A932-4650-BEB7-3E09C366F603}.Ad-Hoc|x86.Deploy.0 = Release|x86
		{449AB193-A932-4650-BEB7-3E09C366F603}.AppStore|Any CPU.ActiveCfg = Release|Any CPU
		{449AB193-A932-4650-BEB7-3E09C366F603}.AppStore|Any CPU.Build.0 = Release|Any CPU
		{449AB193-A932-4650-BEB7-3E09C366F603}.AppStore|Any CPU.Deploy.0 = Release|Any CPU
		{449AB193-A932-4650-BEB7-3E09C366F603}.AppStore|ARM.ActiveCfg = Release|ARM
		{449AB193-A932-4650-BEB7-3E09C366F603}.AppStore|ARM.Build.0 = Release|ARM
		{449AB193-A932-4650-BEB7-3E09C366F603}.AppStore|ARM.Deploy.0 = Release|ARM
		{449AB193-A932-4650-BEB7-3E09C366F603}.AppStore|iPhone.ActiveCfg = Release|Any CPU
		{449AB193-A932-4650-BEB7-3E09C366F603}.AppStore|iPhoneSimulator.ActiveCfg = Release|Any CPU
		{449AB193-A932-4650-BEB7-3E09C366F603}.AppStore|Mixed Platforms.ActiveCfg = Release|x86
		{449AB193-A932-4650-BEB7-3E09C366F603}.AppStore|Mixed Platforms.Build.0 = Release|x86
		{449AB193-A932-4650-BEB7-3E09C366F603}.AppStore|Mixed Platforms.Deploy.0 = Release|x86
		{449AB193-A932-4650-BEB7-3E09C366F603}.AppStore|x86.ActiveCfg = Release|x86
		{449AB193-A932-4650-BEB7-3E09C366F603}.AppStore|x86.Build.0 = Release|x86
		{449AB193-A932-4650-BEB7-3E09C366F603}.AppStore|x86.Deploy.0 = Release|x86
		{449AB193-A932-4650-BEB7-3E09C366F603}.Debug|Any CPU.ActiveCfg = Debug|Any CPU
		{449AB193-A932-4650-BEB7-3E09C366F603}.Debug|Any CPU.Build.0 = Debug|Any CPU
		{449AB193-A932-4650-BEB7-3E09C366F603}.Debug|Any CPU.Deploy.0 = Debug|Any CPU
		{449AB193-A932-4650-BEB7-3E09C366F603}.Debug|ARM.ActiveCfg = Debug|ARM
		{449AB193-A932-4650-BEB7-3E09C366F603}.Debug|ARM.Build.0 = Debug|ARM
		{449AB193-A932-4650-BEB7-3E09C366F603}.Debug|ARM.Deploy.0 = Debug|ARM
		{449AB193-A932-4650-BEB7-3E09C366F603}.Debug|iPhone.ActiveCfg = Debug|Any CPU
		{449AB193-A932-4650-BEB7-3E09C366F603}.Debug|iPhoneSimulator.ActiveCfg = Debug|Any CPU
		{449AB193-A932-4650-BEB7-3E09C366F603}.Debug|Mixed Platforms.ActiveCfg = Debug|x86
		{449AB193-A932-4650-BEB7-3E09C366F603}.Debug|Mixed Platforms.Build.0 = Debug|x86
		{449AB193-A932-4650-BEB7-3E09C366F603}.Debug|Mixed Platforms.Deploy.0 = Debug|x86
		{449AB193-A932-4650-BEB7-3E09C366F603}.Debug|x86.ActiveCfg = Debug|x86
		{449AB193-A932-4650-BEB7-3E09C366F603}.Debug|x86.Build.0 = Debug|x86
		{449AB193-A932-4650-BEB7-3E09C366F603}.Debug|x86.Deploy.0 = Debug|x86
		{449AB193-A932-4650-BEB7-3E09C366F603}.Release|Any CPU.ActiveCfg = Release|Any CPU
		{449AB193-A932-4650-BEB7-3E09C366F603}.Release|Any CPU.Build.0 = Release|Any CPU
		{449AB193-A932-4650-BEB7-3E09C366F603}.Release|Any CPU.Deploy.0 = Release|Any CPU
		{449AB193-A932-4650-BEB7-3E09C366F603}.Release|ARM.ActiveCfg = Release|ARM
		{449AB193-A932-4650-BEB7-3E09C366F603}.Release|ARM.Build.0 = Release|ARM
		{449AB193-A932-4650-BEB7-3E09C366F603}.Release|ARM.Deploy.0 = Release|ARM
		{449AB193-A932-4650-BEB7-3E09C366F603}.Release|iPhone.ActiveCfg = Release|Any CPU
		{449AB193-A932-4650-BEB7-3E09C366F603}.Release|iPhoneSimulator.ActiveCfg = Release|Any CPU
		{449AB193-A932-4650-BEB7-3E09C366F603}.Release|Mixed Platforms.ActiveCfg = Release|x86
		{449AB193-A932-4650-BEB7-3E09C366F603}.Release|Mixed Platforms.Build.0 = Release|x86
		{449AB193-A932-4650-BEB7-3E09C366F603}.Release|Mixed Platforms.Deploy.0 = Release|x86
		{449AB193-A932-4650-BEB7-3E09C366F603}.Release|x86.ActiveCfg = Release|x86
		{449AB193-A932-4650-BEB7-3E09C366F603}.Release|x86.Build.0 = Release|x86
		{449AB193-A932-4650-BEB7-3E09C366F603}.Release|x86.Deploy.0 = Release|x86
	EndGlobalSection
	GlobalSection(SolutionProperties) = preSolution
		HideSolutionNode = FALSE
	EndGlobalSection
EndGlobal
